// !$*UTF8*$!
{
	archiveVersion = 1;
	classes = {
	};
	objectVersion = 56;
	objects = {

/* Begin PBXBuildFile section */
		05E6521C2BC677560050B68D /* AppDelegate.swift in Sources */ = {isa = PBXBuildFile; fileRef = 05E6521B2BC677560050B68D /* AppDelegate.swift */; };
		05E6521E2BC677560050B68D /* SceneDelegate.swift in Sources */ = {isa = PBXBuildFile; fileRef = 05E6521D2BC677560050B68D /* SceneDelegate.swift */; };
		05E652202BC677560050B68D /* BrandViewController.swift in Sources */ = {isa = PBXBuildFile; fileRef = 05E6521F2BC677560050B68D /* BrandViewController.swift */; };
		05E652252BC677570050B68D /* Assets.xcassets in Resources */ = {isa = PBXBuildFile; fileRef = 05E652242BC677570050B68D /* Assets.xcassets */; };
		05E652312BC67A400050B68D /* SnapKit in Frameworks */ = {isa = PBXBuildFile; productRef = 05E652302BC67A400050B68D /* SnapKit */; };
		05E652332BC67CE60050B68D /* Configurable.swift in Sources */ = {isa = PBXBuildFile; fileRef = 05E652322BC67CE60050B68D /* Configurable.swift */; };
		05E652352BC67D1E0050B68D /* TextFieldContainer.swift in Sources */ = {isa = PBXBuildFile; fileRef = 05E652342BC67D1E0050B68D /* TextFieldContainer.swift */; };
		05E652372BC680F40050B68D /* UITextField+Ext.swift in Sources */ = {isa = PBXBuildFile; fileRef = 05E652362BC680F40050B68D /* UITextField+Ext.swift */; };
		05E652392BC6823B0050B68D /* BaseViewController.swift in Sources */ = {isa = PBXBuildFile; fileRef = 05E652382BC6823B0050B68D /* BaseViewController.swift */; };
		05E6523B2BC6846E0050B68D /* Constants.swift in Sources */ = {isa = PBXBuildFile; fileRef = 05E6523A2BC6846E0050B68D /* Constants.swift */; };
		05E652412BC6888A0050B68D /* DriveViewController.swift in Sources */ = {isa = PBXBuildFile; fileRef = 05E652402BC6888A0050B68D /* DriveViewController.swift */; };
		05E652432BC689AB0050B68D /* BrandInteractor.swift in Sources */ = {isa = PBXBuildFile; fileRef = 05E652422BC689AB0050B68D /* BrandInteractor.swift */; };
		05E652452BC689B40050B68D /* BrandRouter.swift in Sources */ = {isa = PBXBuildFile; fileRef = 05E652442BC689B40050B68D /* BrandRouter.swift */; };
		05E652472BC689BB0050B68D /* BrandConfigurator.swift in Sources */ = {isa = PBXBuildFile; fileRef = 05E652462BC689BB0050B68D /* BrandConfigurator.swift */; };
		05E6524A2BC689D70050B68D /* DriveInteractor.swift in Sources */ = {isa = PBXBuildFile; fileRef = 05E652492BC689D70050B68D /* DriveInteractor.swift */; };
		05E6524C2BC689DE0050B68D /* DriveRouter.swift in Sources */ = {isa = PBXBuildFile; fileRef = 05E6524B2BC689DE0050B68D /* DriveRouter.swift */; };
		05E6524E2BC689E60050B68D /* DriveConfigurator.swift in Sources */ = {isa = PBXBuildFile; fileRef = 05E6524D2BC689E60050B68D /* DriveConfigurator.swift */; };
		05E652522BC691AF0050B68D /* TrafficLightView.swift in Sources */ = {isa = PBXBuildFile; fileRef = 05E652512BC691AF0050B68D /* TrafficLightView.swift */; };
		05E652542BC6B52A0050B68D /* LightModel.swift in Sources */ = {isa = PBXBuildFile; fileRef = 05E652532BC6B52A0050B68D /* LightModel.swift */; };
/* End PBXBuildFile section */

/* Begin PBXFileReference section */
		05E652182BC677560050B68D /* Traffic Lights.app */ = {isa = PBXFileReference; explicitFileType = wrapper.application; includeInIndex = 0; path = "Traffic Lights.app"; sourceTree = BUILT_PRODUCTS_DIR; };
		05E6521B2BC677560050B68D /* AppDelegate.swift */ = {isa = PBXFileReference; lastKnownFileType = sourcecode.swift; path = AppDelegate.swift; sourceTree = "<group>"; };
		05E6521D2BC677560050B68D /* SceneDelegate.swift */ = {isa = PBXFileReference; lastKnownFileType = sourcecode.swift; path = SceneDelegate.swift; sourceTree = "<group>"; };
		05E6521F2BC677560050B68D /* BrandViewController.swift */ = {isa = PBXFileReference; lastKnownFileType = sourcecode.swift; path = BrandViewController.swift; sourceTree = "<group>"; };
		05E652242BC677570050B68D /* Assets.xcassets */ = {isa = PBXFileReference; lastKnownFileType = folder.assetcatalog; path = Assets.xcassets; sourceTree = "<group>"; };
		05E652292BC677570050B68D /* Info.plist */ = {isa = PBXFileReference; lastKnownFileType = text.plist.xml; path = Info.plist; sourceTree = "<group>"; };
		05E652322BC67CE60050B68D /* Configurable.swift */ = {isa = PBXFileReference; lastKnownFileType = sourcecode.swift; path = Configurable.swift; sourceTree = "<group>"; };
		05E652342BC67D1E0050B68D /* TextFieldContainer.swift */ = {isa = PBXFileReference; lastKnownFileType = sourcecode.swift; path = TextFieldContainer.swift; sourceTree = "<group>"; };
		05E652362BC680F40050B68D /* UITextField+Ext.swift */ = {isa = PBXFileReference; lastKnownFileType = sourcecode.swift; path = "UITextField+Ext.swift"; sourceTree = "<group>"; };
		05E652382BC6823B0050B68D /* BaseViewController.swift */ = {isa = PBXFileReference; lastKnownFileType = sourcecode.swift; path = BaseViewController.swift; sourceTree = "<group>"; };
		05E6523A2BC6846E0050B68D /* Constants.swift */ = {isa = PBXFileReference; lastKnownFileType = sourcecode.swift; path = Constants.swift; sourceTree = "<group>"; };
		05E652402BC6888A0050B68D /* DriveViewController.swift */ = {isa = PBXFileReference; lastKnownFileType = sourcecode.swift; path = DriveViewController.swift; sourceTree = "<group>"; };
		05E652422BC689AB0050B68D /* BrandInteractor.swift */ = {isa = PBXFileReference; lastKnownFileType = sourcecode.swift; path = BrandInteractor.swift; sourceTree = "<group>"; };
		05E652442BC689B40050B68D /* BrandRouter.swift */ = {isa = PBXFileReference; lastKnownFileType = sourcecode.swift; path = BrandRouter.swift; sourceTree = "<group>"; };
		05E652462BC689BB0050B68D /* BrandConfigurator.swift */ = {isa = PBXFileReference; lastKnownFileType = sourcecode.swift; path = BrandConfigurator.swift; sourceTree = "<group>"; };
		05E652492BC689D70050B68D /* DriveInteractor.swift */ = {isa = PBXFileReference; lastKnownFileType = sourcecode.swift; path = DriveInteractor.swift; sourceTree = "<group>"; };
		05E6524B2BC689DE0050B68D /* DriveRouter.swift */ = {isa = PBXFileReference; lastKnownFileType = sourcecode.swift; path = DriveRouter.swift; sourceTree = "<group>"; };
		05E6524D2BC689E60050B68D /* DriveConfigurator.swift */ = {isa = PBXFileReference; lastKnownFileType = sourcecode.swift; path = DriveConfigurator.swift; sourceTree = "<group>"; };
		05E652512BC691AF0050B68D /* TrafficLightView.swift */ = {isa = PBXFileReference; lastKnownFileType = sourcecode.swift; path = TrafficLightView.swift; sourceTree = "<group>"; };
		05E652532BC6B52A0050B68D /* LightModel.swift */ = {isa = PBXFileReference; lastKnownFileType = sourcecode.swift; path = LightModel.swift; sourceTree = "<group>"; };
/* End PBXFileReference section */

/* Begin PBXFrameworksBuildPhase section */
		05E652152BC677560050B68D /* Frameworks */ = {
			isa = PBXFrameworksBuildPhase;
			buildActionMask = 2147483647;
			files = (
				05E652312BC67A400050B68D /* SnapKit in Frameworks */,
			);
			runOnlyForDeploymentPostprocessing = 0;
		};
/* End PBXFrameworksBuildPhase section */

/* Begin PBXGroup section */
		05E6520F2BC677560050B68D = {
			isa = PBXGroup;
			children = (
				05E6521A2BC677560050B68D /* Traffic Lights */,
				05E652192BC677560050B68D /* Products */,
			);
			sourceTree = "<group>";
		};
		05E652192BC677560050B68D /* Products */ = {
			isa = PBXGroup;
			children = (
				05E652182BC677560050B68D /* Traffic Lights.app */,
			);
			name = Products;
			sourceTree = "<group>";
		};
		05E6521A2BC677560050B68D /* Traffic Lights */ = {
			isa = PBXGroup;
			children = (
				05E6521B2BC677560050B68D /* AppDelegate.swift */,
				05E6521D2BC677560050B68D /* SceneDelegate.swift */,
				05E6523A2BC6846E0050B68D /* Constants.swift */,
				05E652502BC689F80050B68D /* Scenes */,
				05E652242BC677570050B68D /* Assets.xcassets */,
				05E652292BC677570050B68D /* Info.plist */,
				05E6523E2BC6859E0050B68D /* Custom Views */,
				05E6523C2BC6858B0050B68D /* Protocol */,
				05E6523D2BC685970050B68D /* Extensions */,
			);
			path = "Traffic Lights";
			sourceTree = "<group>";
		};
		05E6523C2BC6858B0050B68D /* Protocol */ = {
			isa = PBXGroup;
			children = (
				05E652322BC67CE60050B68D /* Configurable.swift */,
			);
			path = Protocol;
			sourceTree = "<group>";
		};
		05E6523D2BC685970050B68D /* Extensions */ = {
			isa = PBXGroup;
			children = (
				05E652362BC680F40050B68D /* UITextField+Ext.swift */,
			);
			path = Extensions;
			sourceTree = "<group>";
		};
		05E6523E2BC6859E0050B68D /* Custom Views */ = {
			isa = PBXGroup;
			children = (
				05E652342BC67D1E0050B68D /* TextFieldContainer.swift */,
				05E652552BC6B53A0050B68D /* TrafficLight */,
			);
			path = "Custom Views";
			sourceTree = "<group>";
		};
		05E652482BC689C30050B68D /* Brand */ = {
			isa = PBXGroup;
			children = (
				05E652462BC689BB0050B68D /* BrandConfigurator.swift */,
				05E6521F2BC677560050B68D /* BrandViewController.swift */,
				05E652422BC689AB0050B68D /* BrandInteractor.swift */,
				05E652442BC689B40050B68D /* BrandRouter.swift */,
			);
			path = Brand;
			sourceTree = "<group>";
		};
		05E6524F2BC689EA0050B68D /* Drive */ = {
			isa = PBXGroup;
			children = (
				05E652402BC6888A0050B68D /* DriveViewController.swift */,
				05E652492BC689D70050B68D /* DriveInteractor.swift */,
				05E6524B2BC689DE0050B68D /* DriveRouter.swift */,
				05E6524D2BC689E60050B68D /* DriveConfigurator.swift */,
			);
			path = Drive;
			sourceTree = "<group>";
		};
		05E652502BC689F80050B68D /* Scenes */ = {
			isa = PBXGroup;
			children = (
				05E652382BC6823B0050B68D /* BaseViewController.swift */,
				05E652482BC689C30050B68D /* Brand */,
				05E6524F2BC689EA0050B68D /* Drive */,
			);
			path = Scenes;
			sourceTree = "<group>";
		};
		05E652552BC6B53A0050B68D /* TrafficLight */ = {
			isa = PBXGroup;
			children = (
				05E652512BC691AF0050B68D /* TrafficLightView.swift */,
				05E652532BC6B52A0050B68D /* LightModel.swift */,
			);
			path = TrafficLight;
			sourceTree = "<group>";
		};
/* End PBXGroup section */

/* Begin PBXNativeTarget section */
		05E652172BC677560050B68D /* Traffic Lights */ = {
			isa = PBXNativeTarget;
			buildConfigurationList = 05E6522C2BC677570050B68D /* Build configuration list for PBXNativeTarget "Traffic Lights" */;
			buildPhases = (
				05E652142BC677560050B68D /* Sources */,
				05E652152BC677560050B68D /* Frameworks */,
				05E652162BC677560050B68D /* Resources */,
			);
			buildRules = (
			);
			dependencies = (
			);
			name = "Traffic Lights";
			packageProductDependencies = (
				05E652302BC67A400050B68D /* SnapKit */,
			);
			productName = "Traffic Lights";
			productReference = 05E652182BC677560050B68D /* Traffic Lights.app */;
			productType = "com.apple.product-type.application";
		};
/* End PBXNativeTarget section */

/* Begin PBXProject section */
		05E652102BC677560050B68D /* Project object */ = {
			isa = PBXProject;
			attributes = {
				BuildIndependentTargetsInParallel = 1;
				LastSwiftUpdateCheck = 1530;
				LastUpgradeCheck = 1530;
				TargetAttributes = {
					05E652172BC677560050B68D = {
						CreatedOnToolsVersion = 15.3;
					};
				};
			};
			buildConfigurationList = 05E652132BC677560050B68D /* Build configuration list for PBXProject "Traffic Lights" */;
			compatibilityVersion = "Xcode 14.0";
			developmentRegion = en;
			hasScannedForEncodings = 0;
			knownRegions = (
				en,
				Base,
			);
			mainGroup = 05E6520F2BC677560050B68D;
			packageReferences = (
				05E6522F2BC67A400050B68D /* XCRemoteSwiftPackageReference "SnapKit" */,
			);
			productRefGroup = 05E652192BC677560050B68D /* Products */;
			projectDirPath = "";
			projectRoot = "";
			targets = (
				05E652172BC677560050B68D /* Traffic Lights */,
			);
		};
/* End PBXProject section */

/* Begin PBXResourcesBuildPhase section */
		05E652162BC677560050B68D /* Resources */ = {
			isa = PBXResourcesBuildPhase;
			buildActionMask = 2147483647;
			files = (
				05E652252BC677570050B68D /* Assets.xcassets in Resources */,
			);
			runOnlyForDeploymentPostprocessing = 0;
		};
/* End PBXResourcesBuildPhase section */

/* Begin PBXSourcesBuildPhase section */
		05E652142BC677560050B68D /* Sources */ = {
			isa = PBXSourcesBuildPhase;
			buildActionMask = 2147483647;
			files = (
				05E6524E2BC689E60050B68D /* DriveConfigurator.swift in Sources */,
				05E652542BC6B52A0050B68D /* LightModel.swift in Sources */,
				05E652202BC677560050B68D /* BrandViewController.swift in Sources */,
				05E6524C2BC689DE0050B68D /* DriveRouter.swift in Sources */,
				05E652522BC691AF0050B68D /* TrafficLightView.swift in Sources */,
				05E652372BC680F40050B68D /* UITextField+Ext.swift in Sources */,
				05E652412BC6888A0050B68D /* DriveViewController.swift in Sources */,
				05E652352BC67D1E0050B68D /* TextFieldContainer.swift in Sources */,
				05E652472BC689BB0050B68D /* BrandConfigurator.swift in Sources */,
				05E6521C2BC677560050B68D /* AppDelegate.swift in Sources */,
				05E652332BC67CE60050B68D /* Configurable.swift in Sources */,
				05E652432BC689AB0050B68D /* BrandInteractor.swift in Sources */,
				05E652452BC689B40050B68D /* BrandRouter.swift in Sources */,
				05E652392BC6823B0050B68D /* BaseViewController.swift in Sources */,
				05E6521E2BC677560050B68D /* SceneDelegate.swift in Sources */,
				05E6524A2BC689D70050B68D /* DriveInteractor.swift in Sources */,
				05E6523B2BC6846E0050B68D /* Constants.swift in Sources */,
			);
			runOnlyForDeploymentPostprocessing = 0;
		};
/* End PBXSourcesBuildPhase section */

/* Begin XCBuildConfiguration section */
		05E6522A2BC677570050B68D /* Debug */ = {
			isa = XCBuildConfiguration;
			buildSettings = {
				ALWAYS_SEARCH_USER_PATHS = NO;
				ASSETCATALOG_COMPILER_GENERATE_SWIFT_ASSET_SYMBOL_EXTENSIONS = YES;
				CLANG_ANALYZER_NONNULL = YES;
				CLANG_ANALYZER_NUMBER_OBJECT_CONVERSION = YES_AGGRESSIVE;
				CLANG_CXX_LANGUAGE_STANDARD = "gnu++20";
				CLANG_ENABLE_MODULES = YES;
				CLANG_ENABLE_OBJC_ARC = YES;
				CLANG_ENABLE_OBJC_WEAK = YES;
				CLANG_WARN_BLOCK_CAPTURE_AUTORELEASING = YES;
				CLANG_WARN_BOOL_CONVERSION = YES;
				CLANG_WARN_COMMA = YES;
				CLANG_WARN_CONSTANT_CONVERSION = YES;
				CLANG_WARN_DEPRECATED_OBJC_IMPLEMENTATIONS = YES;
				CLANG_WARN_DIRECT_OBJC_ISA_USAGE = YES_ERROR;
				CLANG_WARN_DOCUMENTATION_COMMENTS = YES;
				CLANG_WARN_EMPTY_BODY = YES;
				CLANG_WARN_ENUM_CONVERSION = YES;
				CLANG_WARN_INFINITE_RECURSION = YES;
				CLANG_WARN_INT_CONVERSION = YES;
				CLANG_WARN_NON_LITERAL_NULL_CONVERSION = YES;
				CLANG_WARN_OBJC_IMPLICIT_RETAIN_SELF = YES;
				CLANG_WARN_OBJC_LITERAL_CONVERSION = YES;
				CLANG_WARN_OBJC_ROOT_CLASS = YES_ERROR;
				CLANG_WARN_QUOTED_INCLUDE_IN_FRAMEWORK_HEADER = YES;
				CLANG_WARN_RANGE_LOOP_ANALYSIS = YES;
				CLANG_WARN_STRICT_PROTOTYPES = YES;
				CLANG_WARN_SUSPICIOUS_MOVE = YES;
				CLANG_WARN_UNGUARDED_AVAILABILITY = YES_AGGRESSIVE;
				CLANG_WARN_UNREACHABLE_CODE = YES;
				CLANG_WARN__DUPLICATE_METHOD_MATCH = YES;
				COPY_PHASE_STRIP = NO;
				DEBUG_INFORMATION_FORMAT = dwarf;
				ENABLE_STRICT_OBJC_MSGSEND = YES;
				ENABLE_TESTABILITY = YES;
				ENABLE_USER_SCRIPT_SANDBOXING = YES;
				GCC_C_LANGUAGE_STANDARD = gnu17;
				GCC_DYNAMIC_NO_PIC = NO;
				GCC_NO_COMMON_BLOCKS = YES;
				GCC_OPTIMIZATION_LEVEL = 0;
				GCC_PREPROCESSOR_DEFINITIONS = (
					"DEBUG=1",
					"$(inherited)",
				);
				GCC_WARN_64_TO_32_BIT_CONVERSION = YES;
				GCC_WARN_ABOUT_RETURN_TYPE = YES_ERROR;
				GCC_WARN_UNDECLARED_SELECTOR = YES;
				GCC_WARN_UNINITIALIZED_AUTOS = YES_AGGRESSIVE;
				GCC_WARN_UNUSED_FUNCTION = YES;
				GCC_WARN_UNUSED_VARIABLE = YES;
				IPHONEOS_DEPLOYMENT_TARGET = 15.0;
				LOCALIZATION_PREFERS_STRING_CATALOGS = YES;
				MTL_ENABLE_DEBUG_INFO = INCLUDE_SOURCE;
				MTL_FAST_MATH = YES;
				ONLY_ACTIVE_ARCH = YES;
				SDKROOT = iphoneos;
				SWIFT_ACTIVE_COMPILATION_CONDITIONS = "DEBUG $(inherited)";
				SWIFT_OPTIMIZATION_LEVEL = "-Onone";
			};
			name = Debug;
		};
		05E6522B2BC677570050B68D /* Release */ = {
			isa = XCBuildConfiguration;
			buildSettings = {
				ALWAYS_SEARCH_USER_PATHS = NO;
				ASSETCATALOG_COMPILER_GENERATE_SWIFT_ASSET_SYMBOL_EXTENSIONS = YES;
				CLANG_ANALYZER_NONNULL = YES;
				CLANG_ANALYZER_NUMBER_OBJECT_CONVERSION = YES_AGGRESSIVE;
				CLANG_CXX_LANGUAGE_STANDARD = "gnu++20";
				CLANG_ENABLE_MODULES = YES;
				CLANG_ENABLE_OBJC_ARC = YES;
				CLANG_ENABLE_OBJC_WEAK = YES;
				CLANG_WARN_BLOCK_CAPTURE_AUTORELEASING = YES;
				CLANG_WARN_BOOL_CONVERSION = YES;
				CLANG_WARN_COMMA = YES;
				CLANG_WARN_CONSTANT_CONVERSION = YES;
				CLANG_WARN_DEPRECATED_OBJC_IMPLEMENTATIONS = YES;
				CLANG_WARN_DIRECT_OBJC_ISA_USAGE = YES_ERROR;
				CLANG_WARN_DOCUMENTATION_COMMENTS = YES;
				CLANG_WARN_EMPTY_BODY = YES;
				CLANG_WARN_ENUM_CONVERSION = YES;
				CLANG_WARN_INFINITE_RECURSION = YES;
				CLANG_WARN_INT_CONVERSION = YES;
				CLANG_WARN_NON_LITERAL_NULL_CONVERSION = YES;
				CLANG_WARN_OBJC_IMPLICIT_RETAIN_SELF = YES;
				CLANG_WARN_OBJC_LITERAL_CONVERSION = YES;
				CLANG_WARN_OBJC_ROOT_CLASS = YES_ERROR;
				CLANG_WARN_QUOTED_INCLUDE_IN_FRAMEWORK_HEADER = YES;
				CLANG_WARN_RANGE_LOOP_ANALYSIS = YES;
				CLANG_WARN_STRICT_PROTOTYPES = YES;
				CLANG_WARN_SUSPICIOUS_MOVE = YES;
				CLANG_WARN_UNGUARDED_AVAILABILITY = YES_AGGRESSIVE;
				CLANG_WARN_UNREACHABLE_CODE = YES;
				CLANG_WARN__DUPLICATE_METHOD_MATCH = YES;
				COPY_PHASE_STRIP = NO;
				DEBUG_INFORMATION_FORMAT = "dwarf-with-dsym";
				ENABLE_NS_ASSERTIONS = NO;
				ENABLE_STRICT_OBJC_MSGSEND = YES;
				ENABLE_USER_SCRIPT_SANDBOXING = YES;
				GCC_C_LANGUAGE_STANDARD = gnu17;
				GCC_NO_COMMON_BLOCKS = YES;
				GCC_WARN_64_TO_32_BIT_CONVERSION = YES;
				GCC_WARN_ABOUT_RETURN_TYPE = YES_ERROR;
				GCC_WARN_UNDECLARED_SELECTOR = YES;
				GCC_WARN_UNINITIALIZED_AUTOS = YES_AGGRESSIVE;
				GCC_WARN_UNUSED_FUNCTION = YES;
				GCC_WARN_UNUSED_VARIABLE = YES;
				IPHONEOS_DEPLOYMENT_TARGET = 15.0;
				LOCALIZATION_PREFERS_STRING_CATALOGS = YES;
				MTL_ENABLE_DEBUG_INFO = NO;
				MTL_FAST_MATH = YES;
				SDKROOT = iphoneos;
				SWIFT_COMPILATION_MODE = wholemodule;
				VALIDATE_PRODUCT = YES;
			};
			name = Release;
		};
		05E6522D2BC677570050B68D /* Debug */ = {
			isa = XCBuildConfiguration;
			buildSettings = {
				ASSETCATALOG_COMPILER_APPICON_NAME = AppIcon;
				ASSETCATALOG_COMPILER_GLOBAL_ACCENT_COLOR_NAME = AccentColor;
				CODE_SIGN_STYLE = Automatic;
				CURRENT_PROJECT_VERSION = 1;
				DEVELOPMENT_TEAM = N3KX8T8CSP;
				GENERATE_INFOPLIST_FILE = YES;
				INFOPLIST_FILE = "Traffic Lights/Info.plist";
				INFOPLIST_KEY_UIApplicationSupportsIndirectInputEvents = YES;
				INFOPLIST_KEY_UILaunchStoryboardName = LaunchScreen;
				INFOPLIST_KEY_UISupportedInterfaceOrientations = UIInterfaceOrientationPortrait;
				LD_RUNPATH_SEARCH_PATHS = (
					"$(inherited)",
					"@executable_path/Frameworks",
				);
				MARKETING_VERSION = 1.0;
				PRODUCT_BUNDLE_IDENTIFIER = "com.canakyurek.Traffic-Lights";
				PRODUCT_NAME = "$(TARGET_NAME)";
				SWIFT_EMIT_LOC_STRINGS = YES;
				SWIFT_VERSION = 5.0;
				TARGETED_DEVICE_FAMILY = "1,2";
			};
			name = Debug;
		};
		05E6522E2BC677570050B68D /* Release */ = {
			isa = XCBuildConfiguration;
			buildSettings = {
				ASSETCATALOG_COMPILER_APPICON_NAME = AppIcon;
				ASSETCATALOG_COMPILER_GLOBAL_ACCENT_COLOR_NAME = AccentColor;
				CODE_SIGN_STYLE = Automatic;
				CURRENT_PROJECT_VERSION = 1;
				DEVELOPMENT_TEAM = N3KX8T8CSP;
				GENERATE_INFOPLIST_FILE = YES;
				INFOPLIST_FILE = "Traffic Lights/Info.plist";
				INFOPLIST_KEY_UIApplicationSupportsIndirectInputEvents = YES;
				INFOPLIST_KEY_UILaunchStoryboardName = LaunchScreen;
				INFOPLIST_KEY_UISupportedInterfaceOrientations = UIInterfaceOrientationPortrait;
				LD_RUNPATH_SEARCH_PATHS = (
					"$(inherited)",
					"@executable_path/Frameworks",
				);
				MARKETING_VERSION = 1.0;
				PRODUCT_BUNDLE_IDENTIFIER = "com.canakyurek.Traffic-Lights";
				PRODUCT_NAME = "$(TARGET_NAME)";
				SWIFT_EMIT_LOC_STRINGS = YES;
				SWIFT_VERSION = 5.0;
				TARGETED_DEVICE_FAMILY = "1,2";
			};
			name = Release;
		};
/* End XCBuildConfiguration section */

/* Begin XCConfigurationList section */
		05E652132BC677560050B68D /* Build configuration list for PBXProject "Traffic Lights" */ = {
			isa = XCConfigurationList;
			buildConfigurations = (
				05E6522A2BC677570050B68D /* Debug */,
				05E6522B2BC677570050B68D /* Release */,
			);
			defaultConfigurationIsVisible = 0;
			defaultConfigurationName = Release;
		};
		05E6522C2BC677570050B68D /* Build configuration list for PBXNativeTarget "Traffic Lights" */ = {
			isa = XCConfigurationList;
			buildConfigurations = (
				05E6522D2BC677570050B68D /* Debug */,
				05E6522E2BC677570050B68D /* Release */,
			);
			defaultConfigurationIsVisible = 0;
			defaultConfigurationName = Release;
		};
/* End XCConfigurationList section */

/* Begin XCRemoteSwiftPackageReference section */
		05E6522F2BC67A400050B68D /* XCRemoteSwiftPackageReference "SnapKit" */ = {
			isa = XCRemoteSwiftPackageReference;
			repositoryURL = "https://github.com/SnapKit/SnapKit.git";
			requirement = {
				kind = upToNextMajorVersion;
				minimumVersion = 5.7.1;
			};
		};
/* End XCRemoteSwiftPackageReference section */

/* Begin XCSwiftPackageProductDependency section */
		05E652302BC67A400050B68D /* SnapKit */ = {
			isa = XCSwiftPackageProductDependency;
			package = 05E6522F2BC67A400050B68D /* XCRemoteSwiftPackageReference "SnapKit" */;
			productName = SnapKit;
		};
/* End XCSwiftPackageProductDependency section */
	};
	rootObject = 05E652102BC677560050B68D /* Project object */;
}
